<?xml version="1.0" encoding="utf-8"?>
<Project ToolsVersion="4.0" xmlns="http://schemas.microsoft.com/developer/msbuild/2003">
  <ItemGroup>
    <ClCompile Include="src\PluginAPI.cpp">
      <Filter>src</Filter>
    </ClCompile>
    <ClCompile Include="src\Server.cpp">
      <Filter>src</Filter>
    </ClCompile>
    <ClCompile Include="src\ZCockpitPlugin.cpp">
      <Filter>src</Filter>
    </ClCompile>
    <ClCompile Include="src\Connection.cpp">
      <Filter>src</Filter>
    </ClCompile>
  </ItemGroup>
  <ItemGroup>
    <ClInclude Include="src\Server.h">
      <Filter>src</Filter>
    </ClInclude>
    <ClInclude Include="src\ZCockpitPlugin.h">
      <Filter>src</Filter>
    </ClInclude>
    <ClInclude Include="src\Connection.h">
      <Filter>src</Filter>
    </ClInclude>
  </ItemGroup>
  <ItemGroup>
    <Filter Include="src">
      <UniqueIdentifier>{c1f5bbf4-5a16-4b2c-b98e-22c3ff9df5bf}</UniqueIdentifier>
    </Filter>
  </ItemGroup>
</Project>